// !$*UTF8*$!
{
	archiveVersion = 1;
	classes = {
	};
	objectVersion = 55;
	objects = {

/* Begin PBXBuildFile section */
		EECA44B327F12D3F00173BCB /* AppDelegate.swift in Sources */ = {isa = PBXBuildFile; fileRef = EECA44B227F12D3F00173BCB /* AppDelegate.swift */; };
		EECA44B527F12D3F00173BCB /* SceneDelegate.swift in Sources */ = {isa = PBXBuildFile; fileRef = EECA44B427F12D3F00173BCB /* SceneDelegate.swift */; };
		EECA44BC27F12D4300173BCB /* Assets.xcassets in Resources */ = {isa = PBXBuildFile; fileRef = EECA44BB27F12D4300173BCB /* Assets.xcassets */; };
		EECA44BF27F12D4300173BCB /* LaunchScreen.storyboard in Resources */ = {isa = PBXBuildFile; fileRef = EECA44BD27F12D4300173BCB /* LaunchScreen.storyboard */; };
		EECA44CA27F12D4300173BCB /* GHFollowersTests.swift in Sources */ = {isa = PBXBuildFile; fileRef = EECA44C927F12D4300173BCB /* GHFollowersTests.swift */; };
		EECA44D427F12D4300173BCB /* GHFollowersUITests.swift in Sources */ = {isa = PBXBuildFile; fileRef = EECA44D327F12D4300173BCB /* GHFollowersUITests.swift */; };
		EECA44D627F12D4300173BCB /* GHFollowersUITestsLaunchTests.swift in Sources */ = {isa = PBXBuildFile; fileRef = EECA44D527F12D4300173BCB /* GHFollowersUITestsLaunchTests.swift */; };
		EECA44E327F13B4600173BCB /* SearchViewController.swift in Sources */ = {isa = PBXBuildFile; fileRef = EECA44E227F13B4600173BCB /* SearchViewController.swift */; };
		EECA44E527F13B7100173BCB /* FavoriteListViewController.swift in Sources */ = {isa = PBXBuildFile; fileRef = EECA44E427F13B7100173BCB /* FavoriteListViewController.swift */; };
		EECA44E727F1435700173BCB /* GFButton.swift in Sources */ = {isa = PBXBuildFile; fileRef = EECA44E627F1435700173BCB /* GFButton.swift */; };
		EECA44E927F1460300173BCB /* GFTextField.swift in Sources */ = {isa = PBXBuildFile; fileRef = EECA44E827F1460300173BCB /* GFTextField.swift */; };
		EECA44EB27F14C3000173BCB /* UIView+Ext.swift in Sources */ = {isa = PBXBuildFile; fileRef = EECA44EA27F14C3000173BCB /* UIView+Ext.swift */; };
		EECA44F027F1542F00173BCB /* FollowerListViewController.swift in Sources */ = {isa = PBXBuildFile; fileRef = EECA44EF27F1542F00173BCB /* FollowerListViewController.swift */; };
		EECA44F227F157A700173BCB /* String+Ext.swift in Sources */ = {isa = PBXBuildFile; fileRef = EECA44F127F157A700173BCB /* String+Ext.swift */; };
		EECA44F427F277AE00173BCB /* GFTitleLabel.swift in Sources */ = {isa = PBXBuildFile; fileRef = EECA44F327F277AE00173BCB /* GFTitleLabel.swift */; };
		EECA44F627F2794A00173BCB /* GFBodyLabel.swift in Sources */ = {isa = PBXBuildFile; fileRef = EECA44F527F2794A00173BCB /* GFBodyLabel.swift */; };
		EECA44F827F27A0800173BCB /* GFAlertViewController.swift in Sources */ = {isa = PBXBuildFile; fileRef = EECA44F727F27A0800173BCB /* GFAlertViewController.swift */; };
		EECA44FA27F27BCC00173BCB /* GFAlertContainerView.swift in Sources */ = {isa = PBXBuildFile; fileRef = EECA44F927F27BCC00173BCB /* GFAlertContainerView.swift */; };
		EECA44FC27F282F200173BCB /* UIViewController+Ext.swift in Sources */ = {isa = PBXBuildFile; fileRef = EECA44FB27F282F200173BCB /* UIViewController+Ext.swift */; };
/* End PBXBuildFile section */

/* Begin PBXContainerItemProxy section */
		EECA44C627F12D4300173BCB /* PBXContainerItemProxy */ = {
			isa = PBXContainerItemProxy;
			containerPortal = EECA44A727F12D3F00173BCB /* Project object */;
			proxyType = 1;
			remoteGlobalIDString = EECA44AE27F12D3F00173BCB;
			remoteInfo = GHFollowers;
		};
		EECA44D027F12D4300173BCB /* PBXContainerItemProxy */ = {
			isa = PBXContainerItemProxy;
			containerPortal = EECA44A727F12D3F00173BCB /* Project object */;
			proxyType = 1;
			remoteGlobalIDString = EECA44AE27F12D3F00173BCB;
			remoteInfo = GHFollowers;
		};
/* End PBXContainerItemProxy section */

/* Begin PBXFileReference section */
		EECA44AF27F12D3F00173BCB /* GHFollowers.app */ = {isa = PBXFileReference; explicitFileType = wrapper.application; includeInIndex = 0; path = GHFollowers.app; sourceTree = BUILT_PRODUCTS_DIR; };
		EECA44B227F12D3F00173BCB /* AppDelegate.swift */ = {isa = PBXFileReference; lastKnownFileType = sourcecode.swift; path = AppDelegate.swift; sourceTree = "<group>"; };
		EECA44B427F12D3F00173BCB /* SceneDelegate.swift */ = {isa = PBXFileReference; lastKnownFileType = sourcecode.swift; path = SceneDelegate.swift; sourceTree = "<group>"; };
		EECA44BB27F12D4300173BCB /* Assets.xcassets */ = {isa = PBXFileReference; lastKnownFileType = folder.assetcatalog; path = Assets.xcassets; sourceTree = "<group>"; };
		EECA44BE27F12D4300173BCB /* Base */ = {isa = PBXFileReference; lastKnownFileType = file.storyboard; name = Base; path = Base.lproj/LaunchScreen.storyboard; sourceTree = "<group>"; };
		EECA44C027F12D4300173BCB /* Info.plist */ = {isa = PBXFileReference; lastKnownFileType = text.plist.xml; path = Info.plist; sourceTree = "<group>"; };
		EECA44C527F12D4300173BCB /* GHFollowersTests.xctest */ = {isa = PBXFileReference; explicitFileType = wrapper.cfbundle; includeInIndex = 0; path = GHFollowersTests.xctest; sourceTree = BUILT_PRODUCTS_DIR; };
		EECA44C927F12D4300173BCB /* GHFollowersTests.swift */ = {isa = PBXFileReference; lastKnownFileType = sourcecode.swift; path = GHFollowersTests.swift; sourceTree = "<group>"; };
		EECA44CF27F12D4300173BCB /* GHFollowersUITests.xctest */ = {isa = PBXFileReference; explicitFileType = wrapper.cfbundle; includeInIndex = 0; path = GHFollowersUITests.xctest; sourceTree = BUILT_PRODUCTS_DIR; };
		EECA44D327F12D4300173BCB /* GHFollowersUITests.swift */ = {isa = PBXFileReference; lastKnownFileType = sourcecode.swift; path = GHFollowersUITests.swift; sourceTree = "<group>"; };
		EECA44D527F12D4300173BCB /* GHFollowersUITestsLaunchTests.swift */ = {isa = PBXFileReference; lastKnownFileType = sourcecode.swift; path = GHFollowersUITestsLaunchTests.swift; sourceTree = "<group>"; };
		EECA44E227F13B4600173BCB /* SearchViewController.swift */ = {isa = PBXFileReference; lastKnownFileType = sourcecode.swift; path = SearchViewController.swift; sourceTree = "<group>"; };
		EECA44E427F13B7100173BCB /* FavoriteListViewController.swift */ = {isa = PBXFileReference; lastKnownFileType = sourcecode.swift; path = FavoriteListViewController.swift; sourceTree = "<group>"; };
		EECA44E627F1435700173BCB /* GFButton.swift */ = {isa = PBXFileReference; lastKnownFileType = sourcecode.swift; path = GFButton.swift; sourceTree = "<group>"; };
		EECA44E827F1460300173BCB /* GFTextField.swift */ = {isa = PBXFileReference; lastKnownFileType = sourcecode.swift; path = GFTextField.swift; sourceTree = "<group>"; };
		EECA44EA27F14C3000173BCB /* UIView+Ext.swift */ = {isa = PBXFileReference; lastKnownFileType = sourcecode.swift; path = "UIView+Ext.swift"; sourceTree = "<group>"; };
		EECA44EF27F1542F00173BCB /* FollowerListViewController.swift */ = {isa = PBXFileReference; lastKnownFileType = sourcecode.swift; path = FollowerListViewController.swift; sourceTree = "<group>"; };
		EECA44F127F157A700173BCB /* String+Ext.swift */ = {isa = PBXFileReference; fileEncoding = 4; lastKnownFileType = sourcecode.swift; path = "String+Ext.swift"; sourceTree = "<group>"; };
		EECA44F327F277AE00173BCB /* GFTitleLabel.swift */ = {isa = PBXFileReference; lastKnownFileType = sourcecode.swift; path = GFTitleLabel.swift; sourceTree = "<group>"; };
		EECA44F527F2794A00173BCB /* GFBodyLabel.swift */ = {isa = PBXFileReference; lastKnownFileType = sourcecode.swift; path = GFBodyLabel.swift; sourceTree = "<group>"; };
		EECA44F727F27A0800173BCB /* GFAlertViewController.swift */ = {isa = PBXFileReference; lastKnownFileType = sourcecode.swift; path = GFAlertViewController.swift; sourceTree = "<group>"; };
		EECA44F927F27BCC00173BCB /* GFAlertContainerView.swift */ = {isa = PBXFileReference; lastKnownFileType = sourcecode.swift; path = GFAlertContainerView.swift; sourceTree = "<group>"; };
		EECA44FB27F282F200173BCB /* UIViewController+Ext.swift */ = {isa = PBXFileReference; lastKnownFileType = sourcecode.swift; path = "UIViewController+Ext.swift"; sourceTree = "<group>"; };
/* End PBXFileReference section */

/* Begin PBXFrameworksBuildPhase section */
		EECA44AC27F12D3F00173BCB /* Frameworks */ = {
			isa = PBXFrameworksBuildPhase;
			buildActionMask = 2147483647;
			files = (
			);
			runOnlyForDeploymentPostprocessing = 0;
		};
		EECA44C227F12D4300173BCB /* Frameworks */ = {
			isa = PBXFrameworksBuildPhase;
			buildActionMask = 2147483647;
			files = (
			);
			runOnlyForDeploymentPostprocessing = 0;
		};
		EECA44CC27F12D4300173BCB /* Frameworks */ = {
			isa = PBXFrameworksBuildPhase;
			buildActionMask = 2147483647;
			files = (
			);
			runOnlyForDeploymentPostprocessing = 0;
		};
/* End PBXFrameworksBuildPhase section */

/* Begin PBXGroup section */
		EECA44A627F12D3F00173BCB = {
			isa = PBXGroup;
			children = (
				EECA44B127F12D3F00173BCB /* GHFollowers */,
				EECA44C827F12D4300173BCB /* GHFollowersTests */,
				EECA44D227F12D4300173BCB /* GHFollowersUITests */,
				EECA44B027F12D3F00173BCB /* Products */,
			);
			sourceTree = "<group>";
		};
		EECA44B027F12D3F00173BCB /* Products */ = {
			isa = PBXGroup;
			children = (
				EECA44AF27F12D3F00173BCB /* GHFollowers.app */,
				EECA44C527F12D4300173BCB /* GHFollowersTests.xctest */,
				EECA44CF27F12D4300173BCB /* GHFollowersUITests.xctest */,
			);
			name = Products;
			sourceTree = "<group>";
		};
		EECA44B127F12D3F00173BCB /* GHFollowers */ = {
			isa = PBXGroup;
			children = (
				EECA44EE27F14D0500173BCB /* Utils */,
				EECA44ED27F14CF900173BCB /* Views */,
				EECA44EC27F14CDE00173BCB /* Controllers */,
				EECA44B227F12D3F00173BCB /* AppDelegate.swift */,
				EECA44B427F12D3F00173BCB /* SceneDelegate.swift */,
				EECA44BB27F12D4300173BCB /* Assets.xcassets */,
				EECA44BD27F12D4300173BCB /* LaunchScreen.storyboard */,
				EECA44C027F12D4300173BCB /* Info.plist */,
			);
			path = GHFollowers;
			sourceTree = "<group>";
		};
		EECA44C827F12D4300173BCB /* GHFollowersTests */ = {
			isa = PBXGroup;
			children = (
				EECA44C927F12D4300173BCB /* GHFollowersTests.swift */,
			);
			path = GHFollowersTests;
			sourceTree = "<group>";
		};
		EECA44D227F12D4300173BCB /* GHFollowersUITests */ = {
			isa = PBXGroup;
			children = (
				EECA44D327F12D4300173BCB /* GHFollowersUITests.swift */,
				EECA44D527F12D4300173BCB /* GHFollowersUITestsLaunchTests.swift */,
			);
			path = GHFollowersUITests;
			sourceTree = "<group>";
		};
		EECA44EC27F14CDE00173BCB /* Controllers */ = {
			isa = PBXGroup;
			children = (
				EECA44E227F13B4600173BCB /* SearchViewController.swift */,
				EECA44E427F13B7100173BCB /* FavoriteListViewController.swift */,
				EECA44EF27F1542F00173BCB /* FollowerListViewController.swift */,
				EECA44F727F27A0800173BCB /* GFAlertViewController.swift */,
			);
			path = Controllers;
			sourceTree = "<group>";
		};
		EECA44ED27F14CF900173BCB /* Views */ = {
			isa = PBXGroup;
			children = (
				EECA44E627F1435700173BCB /* GFButton.swift */,
				EECA44E827F1460300173BCB /* GFTextField.swift */,
				EECA44F327F277AE00173BCB /* GFTitleLabel.swift */,
				EECA44F527F2794A00173BCB /* GFBodyLabel.swift */,
				EECA44F927F27BCC00173BCB /* GFAlertContainerView.swift */,
			);
			path = Views;
			sourceTree = "<group>";
		};
		EECA44EE27F14D0500173BCB /* Utils */ = {
			isa = PBXGroup;
			children = (
				EECA44FB27F282F200173BCB /* UIViewController+Ext.swift */,
				EECA44F127F157A700173BCB /* String+Ext.swift */,
				EECA44EA27F14C3000173BCB /* UIView+Ext.swift */,
			);
			path = Utils;
			sourceTree = "<group>";
		};
/* End PBXGroup section */

/* Begin PBXNativeTarget section */
		EECA44AE27F12D3F00173BCB /* GHFollowers */ = {
			isa = PBXNativeTarget;
			buildConfigurationList = EECA44D927F12D4300173BCB /* Build configuration list for PBXNativeTarget "GHFollowers" */;
			buildPhases = (
				EECA44AB27F12D3F00173BCB /* Sources */,
				EECA44AC27F12D3F00173BCB /* Frameworks */,
				EECA44AD27F12D3F00173BCB /* Resources */,
			);
			buildRules = (
			);
			dependencies = (
			);
			name = GHFollowers;
			productName = GHFollowers;
			productReference = EECA44AF27F12D3F00173BCB /* GHFollowers.app */;
			productType = "com.apple.product-type.application";
		};
		EECA44C427F12D4300173BCB /* GHFollowersTests */ = {
			isa = PBXNativeTarget;
			buildConfigurationList = EECA44DC27F12D4300173BCB /* Build configuration list for PBXNativeTarget "GHFollowersTests" */;
			buildPhases = (
				EECA44C127F12D4300173BCB /* Sources */,
				EECA44C227F12D4300173BCB /* Frameworks */,
				EECA44C327F12D4300173BCB /* Resources */,
			);
			buildRules = (
			);
			dependencies = (
				EECA44C727F12D4300173BCB /* PBXTargetDependency */,
			);
			name = GHFollowersTests;
			productName = GHFollowersTests;
			productReference = EECA44C527F12D4300173BCB /* GHFollowersTests.xctest */;
			productType = "com.apple.product-type.bundle.unit-test";
		};
		EECA44CE27F12D4300173BCB /* GHFollowersUITests */ = {
			isa = PBXNativeTarget;
			buildConfigurationList = EECA44DF27F12D4300173BCB /* Build configuration list for PBXNativeTarget "GHFollowersUITests" */;
			buildPhases = (
				EECA44CB27F12D4300173BCB /* Sources */,
				EECA44CC27F12D4300173BCB /* Frameworks */,
				EECA44CD27F12D4300173BCB /* Resources */,
			);
			buildRules = (
			);
			dependencies = (
				EECA44D127F12D4300173BCB /* PBXTargetDependency */,
			);
			name = GHFollowersUITests;
			productName = GHFollowersUITests;
			productReference = EECA44CF27F12D4300173BCB /* GHFollowersUITests.xctest */;
			productType = "com.apple.product-type.bundle.ui-testing";
		};
/* End PBXNativeTarget section */

/* Begin PBXProject section */
		EECA44A727F12D3F00173BCB /* Project object */ = {
			isa = PBXProject;
			attributes = {
				BuildIndependentTargetsInParallel = 1;
				LastSwiftUpdateCheck = 1330;
				LastUpgradeCheck = 1330;
				TargetAttributes = {
					EECA44AE27F12D3F00173BCB = {
						CreatedOnToolsVersion = 13.3;
					};
					EECA44C427F12D4300173BCB = {
						CreatedOnToolsVersion = 13.3;
						TestTargetID = EECA44AE27F12D3F00173BCB;
					};
					EECA44CE27F12D4300173BCB = {
						CreatedOnToolsVersion = 13.3;
						TestTargetID = EECA44AE27F12D3F00173BCB;
					};
				};
			};
			buildConfigurationList = EECA44AA27F12D3F00173BCB /* Build configuration list for PBXProject "GHFollowers" */;
			compatibilityVersion = "Xcode 13.0";
			developmentRegion = en;
			hasScannedForEncodings = 0;
			knownRegions = (
				en,
				Base,
			);
			mainGroup = EECA44A627F12D3F00173BCB;
			productRefGroup = EECA44B027F12D3F00173BCB /* Products */;
			projectDirPath = "";
			projectRoot = "";
			targets = (
				EECA44AE27F12D3F00173BCB /* GHFollowers */,
				EECA44C427F12D4300173BCB /* GHFollowersTests */,
				EECA44CE27F12D4300173BCB /* GHFollowersUITests */,
			);
		};
/* End PBXProject section */

/* Begin PBXResourcesBuildPhase section */
		EECA44AD27F12D3F00173BCB /* Resources */ = {
			isa = PBXResourcesBuildPhase;
			buildActionMask = 2147483647;
			files = (
				EECA44BF27F12D4300173BCB /* LaunchScreen.storyboard in Resources */,
				EECA44BC27F12D4300173BCB /* Assets.xcassets in Resources */,
			);
			runOnlyForDeploymentPostprocessing = 0;
		};
		EECA44C327F12D4300173BCB /* Resources */ = {
			isa = PBXResourcesBuildPhase;
			buildActionMask = 2147483647;
			files = (
			);
			runOnlyForDeploymentPostprocessing = 0;
		};
		EECA44CD27F12D4300173BCB /* Resources */ = {
			isa = PBXResourcesBuildPhase;
			buildActionMask = 2147483647;
			files = (
			);
			runOnlyForDeploymentPostprocessing = 0;
		};
/* End PBXResourcesBuildPhase section */

/* Begin PBXSourcesBuildPhase section */
		EECA44AB27F12D3F00173BCB /* Sources */ = {
			isa = PBXSourcesBuildPhase;
			buildActionMask = 2147483647;
			files = (
				EECA44F227F157A700173BCB /* String+Ext.swift in Sources */,
				EECA44F027F1542F00173BCB /* FollowerListViewController.swift in Sources */,
				EECA44FC27F282F200173BCB /* UIViewController+Ext.swift in Sources */,
				EECA44E927F1460300173BCB /* GFTextField.swift in Sources */,
				EECA44E527F13B7100173BCB /* FavoriteListViewController.swift in Sources */,
				EECA44E727F1435700173BCB /* GFButton.swift in Sources */,
				EECA44E327F13B4600173BCB /* SearchViewController.swift in Sources */,
				EECA44FA27F27BCC00173BCB /* GFAlertContainerView.swift in Sources */,
				EECA44F627F2794A00173BCB /* GFBodyLabel.swift in Sources */,
				EECA44B327F12D3F00173BCB /* AppDelegate.swift in Sources */,
				EECA44B527F12D3F00173BCB /* SceneDelegate.swift in Sources */,
				EECA44F427F277AE00173BCB /* GFTitleLabel.swift in Sources */,
				EECA44F827F27A0800173BCB /* GFAlertViewController.swift in Sources */,
				EECA44EB27F14C3000173BCB /* UIView+Ext.swift in Sources */,
			);
			runOnlyForDeploymentPostprocessing = 0;
		};
		EECA44C127F12D4300173BCB /* Sources */ = {
			isa = PBXSourcesBuildPhase;
			buildActionMask = 2147483647;
			files = (
				EECA44CA27F12D4300173BCB /* GHFollowersTests.swift in Sources */,
			);
			runOnlyForDeploymentPostprocessing = 0;
		};
		EECA44CB27F12D4300173BCB /* Sources */ = {
			isa = PBXSourcesBuildPhase;
			buildActionMask = 2147483647;
			files = (
				EECA44D427F12D4300173BCB /* GHFollowersUITests.swift in Sources */,
				EECA44D627F12D4300173BCB /* GHFollowersUITestsLaunchTests.swift in Sources */,
			);
			runOnlyForDeploymentPostprocessing = 0;
		};
/* End PBXSourcesBuildPhase section */

/* Begin PBXTargetDependency section */
		EECA44C727F12D4300173BCB /* PBXTargetDependency */ = {
			isa = PBXTargetDependency;
			target = EECA44AE27F12D3F00173BCB /* GHFollowers */;
			targetProxy = EECA44C627F12D4300173BCB /* PBXContainerItemProxy */;
		};
		EECA44D127F12D4300173BCB /* PBXTargetDependency */ = {
			isa = PBXTargetDependency;
			target = EECA44AE27F12D3F00173BCB /* GHFollowers */;
			targetProxy = EECA44D027F12D4300173BCB /* PBXContainerItemProxy */;
		};
/* End PBXTargetDependency section */

/* Begin PBXVariantGroup section */
		EECA44BD27F12D4300173BCB /* LaunchScreen.storyboard */ = {
			isa = PBXVariantGroup;
			children = (
				EECA44BE27F12D4300173BCB /* Base */,
			);
			name = LaunchScreen.storyboard;
			sourceTree = "<group>";
		};
/* End PBXVariantGroup section */

/* Begin XCBuildConfiguration section */
		EECA44D727F12D4300173BCB /* Debug */ = {
			isa = XCBuildConfiguration;
			buildSettings = {
				ALWAYS_SEARCH_USER_PATHS = NO;
				CLANG_ANALYZER_NONNULL = YES;
				CLANG_ANALYZER_NUMBER_OBJECT_CONVERSION = YES_AGGRESSIVE;
				CLANG_CXX_LANGUAGE_STANDARD = "gnu++17";
				CLANG_ENABLE_MODULES = YES;
				CLANG_ENABLE_OBJC_ARC = YES;
				CLANG_ENABLE_OBJC_WEAK = YES;
				CLANG_WARN_BLOCK_CAPTURE_AUTORELEASING = YES;
				CLANG_WARN_BOOL_CONVERSION = YES;
				CLANG_WARN_COMMA = YES;
				CLANG_WARN_CONSTANT_CONVERSION = YES;
				CLANG_WARN_DEPRECATED_OBJC_IMPLEMENTATIONS = YES;
				CLANG_WARN_DIRECT_OBJC_ISA_USAGE = YES_ERROR;
				CLANG_WARN_DOCUMENTATION_COMMENTS = YES;
				CLANG_WARN_EMPTY_BODY = YES;
				CLANG_WARN_ENUM_CONVERSION = YES;
				CLANG_WARN_INFINITE_RECURSION = YES;
				CLANG_WARN_INT_CONVERSION = YES;
				CLANG_WARN_NON_LITERAL_NULL_CONVERSION = YES;
				CLANG_WARN_OBJC_IMPLICIT_RETAIN_SELF = YES;
				CLANG_WARN_OBJC_LITERAL_CONVERSION = YES;
				CLANG_WARN_OBJC_ROOT_CLASS = YES_ERROR;
				CLANG_WARN_QUOTED_INCLUDE_IN_FRAMEWORK_HEADER = YES;
				CLANG_WARN_RANGE_LOOP_ANALYSIS = YES;
				CLANG_WARN_STRICT_PROTOTYPES = YES;
				CLANG_WARN_SUSPICIOUS_MOVE = YES;
				CLANG_WARN_UNGUARDED_AVAILABILITY = YES_AGGRESSIVE;
				CLANG_WARN_UNREACHABLE_CODE = YES;
				CLANG_WARN__DUPLICATE_METHOD_MATCH = YES;
				COPY_PHASE_STRIP = NO;
				DEBUG_INFORMATION_FORMAT = dwarf;
				ENABLE_STRICT_OBJC_MSGSEND = YES;
				ENABLE_TESTABILITY = YES;
				GCC_C_LANGUAGE_STANDARD = gnu11;
				GCC_DYNAMIC_NO_PIC = NO;
				GCC_NO_COMMON_BLOCKS = YES;
				GCC_OPTIMIZATION_LEVEL = 0;
				GCC_PREPROCESSOR_DEFINITIONS = (
					"DEBUG=1",
					"$(inherited)",
				);
				GCC_WARN_64_TO_32_BIT_CONVERSION = YES;
				GCC_WARN_ABOUT_RETURN_TYPE = YES_ERROR;
				GCC_WARN_UNDECLARED_SELECTOR = YES;
				GCC_WARN_UNINITIALIZED_AUTOS = YES_AGGRESSIVE;
				GCC_WARN_UNUSED_FUNCTION = YES;
				GCC_WARN_UNUSED_VARIABLE = YES;
				IPHONEOS_DEPLOYMENT_TARGET = 15.4;
				MTL_ENABLE_DEBUG_INFO = INCLUDE_SOURCE;
				MTL_FAST_MATH = YES;
				ONLY_ACTIVE_ARCH = YES;
				SDKROOT = iphoneos;
				SWIFT_ACTIVE_COMPILATION_CONDITIONS = DEBUG;
				SWIFT_OPTIMIZATION_LEVEL = "-Onone";
			};
			name = Debug;
		};
		EECA44D827F12D4300173BCB /* Release */ = {
			isa = XCBuildConfiguration;
			buildSettings = {
				ALWAYS_SEARCH_USER_PATHS = NO;
				CLANG_ANALYZER_NONNULL = YES;
				CLANG_ANALYZER_NUMBER_OBJECT_CONVERSION = YES_AGGRESSIVE;
				CLANG_CXX_LANGUAGE_STANDARD = "gnu++17";
				CLANG_ENABLE_MODULES = YES;
				CLANG_ENABLE_OBJC_ARC = YES;
				CLANG_ENABLE_OBJC_WEAK = YES;
				CLANG_WARN_BLOCK_CAPTURE_AUTORELEASING = YES;
				CLANG_WARN_BOOL_CONVERSION = YES;
				CLANG_WARN_COMMA = YES;
				CLANG_WARN_CONSTANT_CONVERSION = YES;
				CLANG_WARN_DEPRECATED_OBJC_IMPLEMENTATIONS = YES;
				CLANG_WARN_DIRECT_OBJC_ISA_USAGE = YES_ERROR;
				CLANG_WARN_DOCUMENTATION_COMMENTS = YES;
				CLANG_WARN_EMPTY_BODY = YES;
				CLANG_WARN_ENUM_CONVERSION = YES;
				CLANG_WARN_INFINITE_RECURSION = YES;
				CLANG_WARN_INT_CONVERSION = YES;
				CLANG_WARN_NON_LITERAL_NULL_CONVERSION = YES;
				CLANG_WARN_OBJC_IMPLICIT_RETAIN_SELF = YES;
				CLANG_WARN_OBJC_LITERAL_CONVERSION = YES;
				CLANG_WARN_OBJC_ROOT_CLASS = YES_ERROR;
				CLANG_WARN_QUOTED_INCLUDE_IN_FRAMEWORK_HEADER = YES;
				CLANG_WARN_RANGE_LOOP_ANALYSIS = YES;
				CLANG_WARN_STRICT_PROTOTYPES = YES;
				CLANG_WARN_SUSPICIOUS_MOVE = YES;
				CLANG_WARN_UNGUARDED_AVAILABILITY = YES_AGGRESSIVE;
				CLANG_WARN_UNREACHABLE_CODE = YES;
				CLANG_WARN__DUPLICATE_METHOD_MATCH = YES;
				COPY_PHASE_STRIP = NO;
				DEBUG_INFORMATION_FORMAT = "dwarf-with-dsym";
				ENABLE_NS_ASSERTIONS = NO;
				ENABLE_STRICT_OBJC_MSGSEND = YES;
				GCC_C_LANGUAGE_STANDARD = gnu11;
				GCC_NO_COMMON_BLOCKS = YES;
				GCC_WARN_64_TO_32_BIT_CONVERSION = YES;
				GCC_WARN_ABOUT_RETURN_TYPE = YES_ERROR;
				GCC_WARN_UNDECLARED_SELECTOR = YES;
				GCC_WARN_UNINITIALIZED_AUTOS = YES_AGGRESSIVE;
				GCC_WARN_UNUSED_FUNCTION = YES;
				GCC_WARN_UNUSED_VARIABLE = YES;
				IPHONEOS_DEPLOYMENT_TARGET = 15.4;
				MTL_ENABLE_DEBUG_INFO = NO;
				MTL_FAST_MATH = YES;
				SDKROOT = iphoneos;
				SWIFT_COMPILATION_MODE = wholemodule;
				SWIFT_OPTIMIZATION_LEVEL = "-O";
				VALIDATE_PRODUCT = YES;
			};
			name = Release;
		};
		EECA44DA27F12D4300173BCB /* Debug */ = {
			isa = XCBuildConfiguration;
			buildSettings = {
				ASSETCATALOG_COMPILER_APPICON_NAME = AppIcon;
				ASSETCATALOG_COMPILER_GLOBAL_ACCENT_COLOR_NAME = AccentColor;
				CODE_SIGN_STYLE = Automatic;
				CURRENT_PROJECT_VERSION = 1;
				DEVELOPMENT_TEAM = 28TYCU28PG;
				GENERATE_INFOPLIST_FILE = YES;
				INFOPLIST_FILE = GHFollowers/Info.plist;
				INFOPLIST_KEY_UIApplicationSupportsIndirectInputEvents = YES;
				INFOPLIST_KEY_UILaunchStoryboardName = LaunchScreen;
				INFOPLIST_KEY_UISupportedInterfaceOrientations = UIInterfaceOrientationPortrait;
				INFOPLIST_KEY_UISupportedInterfaceOrientations_iPad = "UIInterfaceOrientationPortrait UIInterfaceOrientationPortraitUpsideDown UIInterfaceOrientationLandscapeLeft UIInterfaceOrientationLandscapeRight";
				INFOPLIST_KEY_UISupportedInterfaceOrientations_iPhone = "UIInterfaceOrientationPortrait UIInterfaceOrientationLandscapeLeft UIInterfaceOrientationLandscapeRight";
				IPHONEOS_DEPLOYMENT_TARGET = 13.2;
				LD_RUNPATH_SEARCH_PATHS = (
					"$(inherited)",
					"@executable_path/Frameworks",
				);
				MARKETING_VERSION = 1.0;
				PRODUCT_BUNDLE_IDENTIFIER = com.apurvadeshmukh.GHFollowers;
				PRODUCT_NAME = "$(TARGET_NAME)";
				SWIFT_EMIT_LOC_STRINGS = YES;
				SWIFT_VERSION = 5.0;
				TARGETED_DEVICE_FAMILY = 1;
			};
			name = Debug;
		};
		EECA44DB27F12D4300173BCB /* Release */ = {
			isa = XCBuildConfiguration;
			buildSettings = {
				ASSETCATALOG_COMPILER_APPICON_NAME = AppIcon;
				ASSETCATALOG_COMPILER_GLOBAL_ACCENT_COLOR_NAME = AccentColor;
				CODE_SIGN_STYLE = Automatic;
				CURRENT_PROJECT_VERSION = 1;
				DEVELOPMENT_TEAM = 28TYCU28PG;
				GENERATE_INFOPLIST_FILE = YES;
				INFOPLIST_FILE = GHFollowers/Info.plist;
				INFOPLIST_KEY_UIApplicationSupportsIndirectInputEvents = YES;
				INFOPLIST_KEY_UILaunchStoryboardName = LaunchScreen;
				INFOPLIST_KEY_UISupportedInterfaceOrientations = UIInterfaceOrientationPortrait;
				INFOPLIST_KEY_UISupportedInterfaceOrientations_iPad = "UIInterfaceOrientationPortrait UIInterfaceOrientationPortraitUpsideDown UIInterfaceOrientationLandscapeLeft UIInterfaceOrientationLandscapeRight";
				INFOPLIST_KEY_UISupportedInterfaceOrientations_iPhone = "UIInterfaceOrientationPortrait UIInterfaceOrientationLandscapeLeft UIInterfaceOrientationLandscapeRight";
				IPHONEOS_DEPLOYMENT_TARGET = 13.2;
				LD_RUNPATH_SEARCH_PATHS = (
					"$(inherited)",
					"@executable_path/Frameworks",
				);
				MARKETING_VERSION = 1.0;
				PRODUCT_BUNDLE_IDENTIFIER = com.apurvadeshmukh.GHFollowers;
				PRODUCT_NAME = "$(TARGET_NAME)";
				SWIFT_EMIT_LOC_STRINGS = YES;
				SWIFT_VERSION = 5.0;
				TARGETED_DEVICE_FAMILY = 1;
			};
			name = Release;
		};
		EECA44DD27F12D4300173BCB /* Debug */ = {
			isa = XCBuildConfiguration;
			buildSettings = {
				ALWAYS_EMBED_SWIFT_STANDARD_LIBRARIES = YES;
				BUNDLE_LOADER = "$(TEST_HOST)";
				CODE_SIGN_STYLE = Automatic;
				CURRENT_PROJECT_VERSION = 1;
				DEVELOPMENT_TEAM = 28TYCU28PG;
				GENERATE_INFOPLIST_FILE = YES;
				IPHONEOS_DEPLOYMENT_TARGET = 15.4;
				MARKETING_VERSION = 1.0;
				PRODUCT_BUNDLE_IDENTIFIER = com.apurvadeshmukh.GHFollowersTests;
				PRODUCT_NAME = "$(TARGET_NAME)";
				SWIFT_EMIT_LOC_STRINGS = NO;
				SWIFT_VERSION = 5.0;
				TARGETED_DEVICE_FAMILY = "1,2";
				TEST_HOST = "$(BUILT_PRODUCTS_DIR)/GHFollowers.app/GHFollowers";
			};
			name = Debug;
		};
		EECA44DE27F12D4300173BCB /* Release */ = {
			isa = XCBuildConfiguration;
			buildSettings = {
				ALWAYS_EMBED_SWIFT_STANDARD_LIBRARIES = YES;
				BUNDLE_LOADER = "$(TEST_HOST)";
				CODE_SIGN_STYLE = Automatic;
				CURRENT_PROJECT_VERSION = 1;
				DEVELOPMENT_TEAM = 28TYCU28PG;
				GENERATE_INFOPLIST_FILE = YES;
				IPHONEOS_DEPLOYMENT_TARGET = 15.4;
				MARKETING_VERSION = 1.0;
				PRODUCT_BUNDLE_IDENTIFIER = com.apurvadeshmukh.GHFollowersTests;
				PRODUCT_NAME = "$(TARGET_NAME)";
				SWIFT_EMIT_LOC_STRINGS = NO;
				SWIFT_VERSION = 5.0;
				TARGETED_DEVICE_FAMILY = "1,2";
				TEST_HOST = "$(BUILT_PRODUCTS_DIR)/GHFollowers.app/GHFollowers";
			};
			name = Release;
		};
		EECA44E027F12D4300173BCB /* Debug */ = {
			isa = XCBuildConfiguration;
			buildSettings = {
				ALWAYS_EMBED_SWIFT_STANDARD_LIBRARIES = YES;
				CODE_SIGN_STYLE = Automatic;
				CURRENT_PROJECT_VERSION = 1;
				DEVELOPMENT_TEAM = 28TYCU28PG;
				GENERATE_INFOPLIST_FILE = YES;
				MARKETING_VERSION = 1.0;
				PRODUCT_BUNDLE_IDENTIFIER = com.apurvadeshmukh.GHFollowersUITests;
				PRODUCT_NAME = "$(TARGET_NAME)";
				SWIFT_EMIT_LOC_STRINGS = NO;
				SWIFT_VERSION = 5.0;
				TARGETED_DEVICE_FAMILY = "1,2";
				TEST_TARGET_NAME = GHFollowers;
			};
			name = Debug;
		};
		EECA44E127F12D4300173BCB /* Release */ = {
			isa = XCBuildConfiguration;
			buildSettings = {
				ALWAYS_EMBED_SWIFT_STANDARD_LIBRARIES = YES;
				CODE_SIGN_STYLE = Automatic;
				CURRENT_PROJECT_VERSION = 1;
				DEVELOPMENT_TEAM = 28TYCU28PG;
				GENERATE_INFOPLIST_FILE = YES;
				MARKETING_VERSION = 1.0;
				PRODUCT_BUNDLE_IDENTIFIER = com.apurvadeshmukh.GHFollowersUITests;
				PRODUCT_NAME = "$(TARGET_NAME)";
				SWIFT_EMIT_LOC_STRINGS = NO;
				SWIFT_VERSION = 5.0;
				TARGETED_DEVICE_FAMILY = "1,2";
				TEST_TARGET_NAME = GHFollowers;
			};
			name = Release;
		};
/* End XCBuildConfiguration section */

/* Begin XCConfigurationList section */
		EECA44AA27F12D3F00173BCB /* Build configuration list for PBXProject "GHFollowers" */ = {
			isa = XCConfigurationList;
			buildConfigurations = (
				EECA44D727F12D4300173BCB /* Debug */,
				EECA44D827F12D4300173BCB /* Release */,
			);
			defaultConfigurationIsVisible = 0;
			defaultConfigurationName = Release;
		};
		EECA44D927F12D4300173BCB /* Build configuration list for PBXNativeTarget "GHFollowers" */ = {
			isa = XCConfigurationList;
			buildConfigurations = (
				EECA44DA27F12D4300173BCB /* Debug */,
				EECA44DB27F12D4300173BCB /* Release */,
			);
			defaultConfigurationIsVisible = 0;
			defaultConfigurationName = Release;
		};
		EECA44DC27F12D4300173BCB /* Build configuration list for PBXNativeTarget "GHFollowersTests" */ = {
			isa = XCConfigurationList;
			buildConfigurations = (
				EECA44DD27F12D4300173BCB /* Debug */,
				EECA44DE27F12D4300173BCB /* Release */,
			);
			defaultConfigurationIsVisible = 0;
			defaultConfigurationName = Release;
		};
		EECA44DF27F12D4300173BCB /* Build configuration list for PBXNativeTarget "GHFollowersUITests" */ = {
			isa = XCConfigurationList;
			buildConfigurations = (
				EECA44E027F12D4300173BCB /* Debug */,
				EECA44E127F12D4300173BCB /* Release */,
			);
			defaultConfigurationIsVisible = 0;
			defaultConfigurationName = Release;
		};
/* End XCConfigurationList section */
	};
	rootObject = EECA44A727F12D3F00173BCB /* Project object */;
}
